{
  "name": "orchestrator",
  "version": "1.0.0",
  "lockfileVersion": 1,
  "requires": true,
  "dependencies": {
    "@microsoft/bf-orchestrator": {
      "version": "0.0.0",
      "resolved": "https://registry.npmjs.org/@microsoft/bf-orchestrator/-/bf-orchestrator-0.0.0.tgz",
      "integrity": "sha512-v44Tv9/sgq0F3THSXmbhIDfTQJ+kzmNcpZZxJK5w2dcR1VAaor8DrReIQoEyqmAEb2Ej8v1IiYDf47JrKrn5sw=="
    }
  }
}
